# Generated by packaging/scripts/resolve_wheels.py; do not edit manually.
# Windows x64, CPython 3.11 wheels only.
flatbuffers==25.12.19 --hash=sha256:7634f50c427838bb021c2d66a3d1168e9d199b0607e6329399f04846d42e20b4
numpy==2.2.6 --hash=sha256:e8213002e427c69c45a52bbd94163084025f533a55a59d6f9c5b820774ef3303
nvidia-cublas-cu12==12.9.0.13 --hash=sha256:a525014e22b8adb79d04b70f69fd53d09c7b851002b3d332cd601da3a37276fd
nvidia-cuda-runtime-cu12==12.9.37 --hash=sha256:84a750e4d46a32e0b8adc4efdd4021fe49741b1cbbee72421c5400ff9865dd83
nvidia-cudnn-cu12==9.9.0.52 --hash=sha256:d53036b7edad1a85b5d59580defc91e30326746fde21ffc701eb8b4d4695eca1
nvidia-cufft-cu12==11.4.0.6 --hash=sha256:26cd694ef8472efac5e73466d05d5b356f80eafe849095eb6bf4d7f93390557d
nvidia-curand-cu12==10.3.10.19 --hash=sha256:e8129e6ac40dc123bd948e33d3e11b4aa617d87a583fa2f21b3210e90c743cde
nvidia-cusolver-cu12==11.7.4.40 --hash=sha256:288993d2c3bd8167baa3f7b581e219175db576a54d2c36ad62b163a07de923c5
nvidia-cusparse-cu12==12.5.9.5 --hash=sha256:228d7ee34c8e3622fa58aa7a53c6f5d05f5d0c6980173c46e308129b66910c88
nvidia-nvjitlink-cu12==12.9.86 --hash=sha256:cc6fcec260ca843c10e34c936921a1c426b351753587fdd638e8cff7b16bb9db
onnxruntime-gpu==1.26.0 --hash=sha256:cc5329aad02d9745cc3ae9cdb185bfa1aad242a7bf89b8c471280002ec40f98a
packaging==26.2 --hash=sha256:5fc45236b9446107ff2415ce77c807cee2862cb6fac22b8a73826d0693b0980e
pillow==11.3.0 --hash=sha256:1a992e86b0dd7aeb1f053cd506508c0999d710a8f07b4c791c63843fc6a807ac
protobuf==7.35.1 --hash=sha256:230a75ddfc2de4806e56696ce9640c1cdfdb6543b7cfce98d42a4c0a0e7bdb87
