# Generated by packaging/scripts/resolve_wheels.py; do not edit manually.
# Windows x64, CPython 3.11 wheels only.
aiohappyeyeballs==2.7.1 --hash=sha256:9243213661e29250eb41368e5daa826fc017156c3b8a11440826b2e3ed376472
aiohttp==3.14.3 --hash=sha256:e1e74298bab6ee0d6e749ed4fd1901c7e604bdda32c03d787a2cc71c46d0433d
aiosignal==1.4.0 --hash=sha256:053243f8b92b990551949e63930a839ff0cf0b0ebbe0597b0f3fb19e1a0fe82e
aistudio-sdk==0.3.9 --hash=sha256:41621d052ddb7a58643438a7ca541f58ef0ab94a2acdfff0a71db81bf68dc027
annotated-types==0.8.0 --hash=sha256:f072f4d804ea359e4eaf198b1af7a8b0943881a87f31bb764f8bf219bb9419e0
anyio==4.14.2 --hash=sha256:9f505dda5ac9f0c8309b5e8bd445a8c2bf7246f3ce950121e45ea15bc41d1494
attrs==26.1.0 --hash=sha256:c647aa4a12dfbad9333ca4e71fe62ddc36f4e63b2d260a37a8b83d2f043ac309
bce-python-sdk==0.9.76 --hash=sha256:e629181d060f4ed8f29749f47139bf08f1f9b0d8b15daedc956900785587e8d8
certifi==2026.7.22 --hash=sha256:62f22742b58a1a33014a2b6b706588a8d7e2a88ae7bd1a6ebe8c992928483775
chardet==7.4.3 --hash=sha256:ccc1f83ab4bcfb901cf39e0c4ba6bc6e726fc6264735f10e24ceb5cb47387578
charset-normalizer==3.4.9 --hash=sha256:6366a16e1a25018694d6a5d784d09b046edc9eac40ea2b54065c3052672516a1
click==8.4.2 --hash=sha256:e6f9f66136c816745b9d65817da91d61d957fb16e02e4dcd0552553c5a197b76
colorama==0.4.6 --hash=sha256:4f1d9991f5acc0ca119f9d443620b77f9d6b33703e51011c16baf57afb285fc6
colorlog==6.12.0 --hash=sha256:30d392604e9110045a2c2aeefc27d7a017abbab63f3a8aee594eac0801df784e
crc32c==2.8 --hash=sha256:60e0a765b1caab8d31b2ea80840639253906a9351d4b861551c8c8625ea20f86
filelock==3.32.2 --hash=sha256:87dd94cf281e586d135fa51132b8e3d9a598b316e90377a288663c9321036c82
frozenlist==1.8.0 --hash=sha256:ac913f8403b36a2c8610bbfd25b8013488533e71e62b4b4adce9c86c8cea905b
fsspec==2026.7.0 --hash=sha256:b57ddbafedfaef7018c1ecab32aa200a9d7ca26b77965f64e48b70061249d279
future==1.0.0 --hash=sha256:929292d34f5872e70396626ef385ec22355a1fae8ad29e1a734c3e43f9fbc216
h11==0.16.0 --hash=sha256:63cf8bbe7522de3bf65932fda1d9c2772064ffb3dae62d55932da54b31cb6c86
hf-xet==1.5.2 --hash=sha256:ecf63d1cb69a9a7319910f8f83fcf9b46e7a32dfcf4b8f8eeddb55f647306e65
httpcore==1.0.9 --hash=sha256:2d400746a40668fc9dec9810239072b40b4484b640a8c38fd654a024c7a1bf55
httpx==0.28.1 --hash=sha256:d909fcccc110f8c7faf814ca82a9a4d816bc5a6dbfea25d6591d6985b8ba59ad
huggingface-hub==1.26.0 --hash=sha256:e8cca670caa5d8dfa7e45bf45e86b466698198cd8150c021bcdb4a86b9252364
idna==3.18 --hash=sha256:7f952cbe720b688055e3f87de14f5c3e5fdaa8bc3928985c4077ca689de849a2
imagesize==2.0.0 --hash=sha256:5667c5bbb57ab3f1fa4bc366f4fbc971db3d5ed011fd2715fd8001f782718d96
modelscope==1.39.0 --hash=sha256:a363298e4620db83b3ec0057a23a73c4ee1fa122ca11b375e72ef94874123efa
modelscope-hub==0.1.8 --hash=sha256:905ffd0a64c99bd34d40a72452dba97611f702b1887c11ba694584fb46d25420
multidict==6.7.1 --hash=sha256:bdbf9f3b332abd0cdb306e7c2113818ab1e922dc84b8f8fd06ec89ed2a19ab8b
networkx==3.6.1 --hash=sha256:d47fbf302e7d9cbbb9e2555a0d267983d2aa476bac30e90dfbe5669bd57f3762
numpy==2.3.5 --hash=sha256:a414504bef8945eae5f2d7cb7be2d4af77c5d1cb5e20b296c2c25b61dff2900c
opencv-contrib-python==4.10.0.84 --hash=sha256:47ec3160dae75f70e099b286d1a2e086d20dac8b06e759f60eaf867e6bdecba7
opt-einsum==3.3.0 --hash=sha256:2455e59e3947d3c275477df7f5205b30635e266fe6dc300e3d9f9646bfcea147
packaging==26.2 --hash=sha256:5fc45236b9446107ff2415ce77c807cee2862cb6fac22b8a73826d0693b0980e
paddleocr==3.7.0 --hash=sha256:c0f0a81ad4112727f30c6fcf986ac0ef6a120d31ee0991a01fae0357ee32d338
paddlepaddle==3.2.2 --hash=sha256:7ee7a0783de00a50f89a959aabfa83dd969ccce57e2c53f92f4d592d1df1aceb
paddlex==3.7.2 --hash=sha256:f1678bf650bbaccfd8f0d4e49d0ae631b4685c829fdae6e802ccd90d4fcb9a7f
pandas==3.0.5 --hash=sha256:b1261758dfb6cf12c3cff8300e21cefad30e7ec709abb4c24ac7318e6a52462a
pillow==12.3.0 --hash=sha256:8e95e1385e4998ae9694eeaa4730ba5457ff61185b3a55e2e7bea0880aef452a
prettytable==3.18.0 --hash=sha256:b3346e0e6f79180833aebaac088ae926340586cf6d7d991b9eb125b65f72313a
propcache==0.5.2 --hash=sha256:44e488ef40dbb452700b2b1f8188934121f6648f52c295055662d2191959ff82
protobuf==7.35.1 --hash=sha256:230a75ddfc2de4806e56696ce9640c1cdfdb6543b7cfce98d42a4c0a0e7bdb87
psutil==7.2.2 --hash=sha256:eb7e81434c8d223ec4a219b5fc1c47d0417b12be7ea866e24fb5ad6e84b3d988
py-cpuinfo==9.0.0 --hash=sha256:859625bc251f64e21f077d099d4162689c762b5d6a4c3c97553d56241c9674d5
pyclipper==1.4.0 --hash=sha256:e9b973467d9c5fa9bc30bb6ac95f9f4d7c3d9fc25f6cf2d1cc972088e5955c01
pycryptodome==3.23.0 --hash=sha256:c75b52aacc6c0c260f204cbdd834f76edc9fb0d8e0da9fbf8352ef58202564e2
pydantic==2.13.4 --hash=sha256:45a282cde31d808236fd7ea9d919b128653c8b38b393d1c4ab335c62924d9aba
pydantic-core==2.46.4 --hash=sha256:6f2eeda33a839975441c86a4119e1383c50b47faf0cbb5176985565c6bb02c33
pypdfium2==5.12.1 --hash=sha256:9609be73a6701a68f29dffe0335f7a2e4b3ba581542ed65d35d49f761a4600ca
python-bidi==0.6.11 --hash=sha256:555cdf9303c40bae1ab512ca427f1f0316a574bc0a48db22eec76ec0fd1213cf
python-dateutil==2.9.0.post0 --hash=sha256:a8b2bc7bffae282281c8140a97d3aa9c14da0b136dfe83f850eea9a5f7470427
pyyaml==6.0.2 --hash=sha256:e10ce637b18caea04431ce14fabcf5c64a1c61ec9c56b071a4b7ca131ca52d44
requests==2.34.2 --hash=sha256:2a0d60c172f83ac6ab31e4554906c0f3b3588d37b5cb939b1c061f4907e278e0
ruamel.yaml==0.19.1 --hash=sha256:27592957fedf6e0b62f281e96effd28043345e0e66001f97683aa9a40c667c93
safetensors==0.8.0 --hash=sha256:096ec1a98435df7beb08853bb5aa9081a84f23d0adc67ed1a0a10550f608373f
setuptools==83.0.0 --hash=sha256:29b23c360f22f414dc7336bb39178cc7bcbf6021ed2733cde173f09dba19abb3
shapely==2.1.2 --hash=sha256:c64d5c97b2f47e3cd9b712eaced3b061f2b71234b3fc263e0fcf7d889c6559dc
six==1.17.0 --hash=sha256:4721f391ed90541fddacab5acf947aa0d3dc7d27b2e1e8eda2be8970586c3274
tqdm==4.70.0 --hash=sha256:7f585706bfddbdebf89daac705b2dfcc16890130727d3197ca62c732b4310953
typing-extensions==4.16.0 --hash=sha256:481caa481374e813c1b176ada14e97f1f67a4539ce9cfeb3f350d78d6370c2e8
typing-inspection==0.4.2 --hash=sha256:4ed1cacbdc298c220f1bd249ed5287caa16f34d44ef4e9c3d0cbad5b521545e7
tzdata==2026.3 --hash=sha256:dc096730c87af6cab1b171c9d532be840741ff5d459015e7f6947bd7d7e54931
ujson==5.13.0 --hash=sha256:2275bbaaea3eddd2e8ec0863e28a420f5f520b14a760fc3f1e49fd07a974448c
urllib3==2.7.0 --hash=sha256:9fb4c81ebbb1ce9531cce37674bbc6f1360472bc18ca9a553ede278ef7276897
wcwidth==0.8.2 --hash=sha256:d63947694a0539a1d51e01eda7caf800c291020e6cdd7e28ad7b14dd33ad4f85
yarl==1.24.5 --hash=sha256:f4239bbec5a3577ddb49e4b50aeb32d8e5792098262ae2f63723f916a29b1a25
